# @generated by Move, please check-in and do not edit manually.

[move]
version = 3
manifest_digest = "56447B8B70A7BE3DB9E2555363973D5A857931AAC6D1AA3469F6622D40A93DB9"
deps_digest = "F8BBB0CCB2491CA29A3DF03D6F92277A4F3574266507ACD77214D37ECA3F3082"
dependencies = [
  { id = "Sui", name = "Sui" },
]

[[move.package]]
id = "MoveStdlib"
source = { git = "https://github.com/MystenLabs/sui.git", rev = "framework/testnet", subdir = "crates/sui-framework/packages/move-stdlib" }

[[move.package]]
id = "Sui"
source = { git = "https://github.com/MystenLabs/sui.git", rev = "framework/testnet", subdir = "crates/sui-framework/packages/sui-framework" }

dependencies = [
  { id = "MoveStdlib", name = "MoveStdlib" },
]

[move.toolchain-version]
compiler-version = "1.38.1"
edition = "2024.beta"
flavor = "sui"

[env]

[env.localnet]
chain-id = "a96828a2"
original-published-id = "0x3ff8ee23015687100b104cf0f707671ae567328cf267e5a171bd6957484813ee"
latest-published-id = "0x3ff8ee23015687100b104cf0f707671ae567328cf267e5a171bd6957484813ee"
published-version = "1"

[env.devnet]
chain-id = "ec8bffc7"
original-published-id = "0x830e3f14e79dc0526d44da929937beb799d74bcc91c03852a6168f3f00384a19"
latest-published-id = "0x830e3f14e79dc0526d44da929937beb799d74bcc91c03852a6168f3f00384a19"
published-version = "1"
